// !$*UTF8*$!
{
	archiveVersion = 1;
	classes = {
	};
	objectVersion = 55;
	objects = {

/* Begin PBXBuildFile section */
		2E9999DDAB1300CCA5B1552E /* Pods_ONigiry.framework in Frameworks */ = {isa = PBXBuildFile; fileRef = D2E4350DF88CFBBA888FC1CA /* Pods_ONigiry.framework */; };
		324A0058AE4824C9785EDB00 /* Pods_ONigiryTests.framework in Frameworks */ = {isa = PBXBuildFile; fileRef = AF324197442EA6FA4FC6A1AD /* Pods_ONigiryTests.framework */; };
		3A981BF5DE03A4BB211BC087 /* Pods_ONigiry_ONigiryUITests.framework in Frameworks */ = {isa = PBXBuildFile; fileRef = 7E8BF31783B464D76CE1CDAF /* Pods_ONigiry_ONigiryUITests.framework */; };
		4E4D909E2AC0A8BC0028D4D7 /* CustomTableView.swift in Sources */ = {isa = PBXBuildFile; fileRef = 4E4D909D2AC0A8BC0028D4D7 /* CustomTableView.swift */; };
		4E4D90A02AC0A9DE0028D4D7 /* MainCell.swift in Sources */ = {isa = PBXBuildFile; fileRef = 4E4D909F2AC0A9DE0028D4D7 /* MainCell.swift */; };
		4EE1BAD72AAF56C300AACEDF /* AppDelegate.swift in Sources */ = {isa = PBXBuildFile; fileRef = 4EE1BAD62AAF56C300AACEDF /* AppDelegate.swift */; };
		4EE1BAD92AAF56C300AACEDF /* SceneDelegate.swift in Sources */ = {isa = PBXBuildFile; fileRef = 4EE1BAD82AAF56C300AACEDF /* SceneDelegate.swift */; };
		4EE1BADB2AAF56C300AACEDF /* MainViewController.swift in Sources */ = {isa = PBXBuildFile; fileRef = 4EE1BADA2AAF56C300AACEDF /* MainViewController.swift */; };
		4EE1BAE02AAF56C600AACEDF /* Assets.xcassets in Resources */ = {isa = PBXBuildFile; fileRef = 4EE1BADF2AAF56C600AACEDF /* Assets.xcassets */; };
		4EE1BAE32AAF56C600AACEDF /* LaunchScreen.storyboard in Resources */ = {isa = PBXBuildFile; fileRef = 4EE1BAE12AAF56C600AACEDF /* LaunchScreen.storyboard */; };
		4EE1BAEE2AAF56C600AACEDF /* ONigiryTests.swift in Sources */ = {isa = PBXBuildFile; fileRef = 4EE1BAED2AAF56C600AACEDF /* ONigiryTests.swift */; };
		4EE1BAF82AAF56C600AACEDF /* ONigiryUITests.swift in Sources */ = {isa = PBXBuildFile; fileRef = 4EE1BAF72AAF56C600AACEDF /* ONigiryUITests.swift */; };
		4EE1BAFA2AAF56C600AACEDF /* ONigiryUITestsLaunchTests.swift in Sources */ = {isa = PBXBuildFile; fileRef = 4EE1BAF92AAF56C600AACEDF /* ONigiryUITestsLaunchTests.swift */; };
		4EE1BB0B2AAF577D00AACEDF /* TabBarController.swift in Sources */ = {isa = PBXBuildFile; fileRef = 4EE1BB0A2AAF577D00AACEDF /* TabBarController.swift */; };
		4EE1BB0D2AAF57AD00AACEDF /* SearchViewController.swift in Sources */ = {isa = PBXBuildFile; fileRef = 4EE1BB0C2AAF57AD00AACEDF /* SearchViewController.swift */; };
		4EE1BB0F2AAF57B900AACEDF /* ProfileViewController.swift in Sources */ = {isa = PBXBuildFile; fileRef = 4EE1BB0E2AAF57B900AACEDF /* ProfileViewController.swift */; };
/* End PBXBuildFile section */

/* Begin PBXContainerItemProxy section */
		4EE1BAEA2AAF56C600AACEDF /* PBXContainerItemProxy */ = {
			isa = PBXContainerItemProxy;
			containerPortal = 4EE1BACB2AAF56C300AACEDF /* Project object */;
			proxyType = 1;
			remoteGlobalIDString = 4EE1BAD22AAF56C300AACEDF;
			remoteInfo = ONigiry;
		};
		4EE1BAF42AAF56C600AACEDF /* PBXContainerItemProxy */ = {
			isa = PBXContainerItemProxy;
			containerPortal = 4EE1BACB2AAF56C300AACEDF /* Project object */;
			proxyType = 1;
			remoteGlobalIDString = 4EE1BAD22AAF56C300AACEDF;
			remoteInfo = ONigiry;
		};
/* End PBXContainerItemProxy section */

/* Begin PBXFileReference section */
		3759ACE42BDF06470D39FDB2 /* Pods-ONigiryTests.debug.xcconfig */ = {isa = PBXFileReference; includeInIndex = 1; lastKnownFileType = text.xcconfig; name = "Pods-ONigiryTests.debug.xcconfig"; path = "Target Support Files/Pods-ONigiryTests/Pods-ONigiryTests.debug.xcconfig"; sourceTree = "<group>"; };
		4E4D909D2AC0A8BC0028D4D7 /* CustomTableView.swift */ = {isa = PBXFileReference; lastKnownFileType = sourcecode.swift; path = CustomTableView.swift; sourceTree = "<group>"; };
		4E4D909F2AC0A9DE0028D4D7 /* MainCell.swift */ = {isa = PBXFileReference; lastKnownFileType = sourcecode.swift; path = MainCell.swift; sourceTree = "<group>"; };
		4EE1BAD32AAF56C300AACEDF /* ONigiry.app */ = {isa = PBXFileReference; explicitFileType = wrapper.application; includeInIndex = 0; path = ONigiry.app; sourceTree = BUILT_PRODUCTS_DIR; };
		4EE1BAD62AAF56C300AACEDF /* AppDelegate.swift */ = {isa = PBXFileReference; lastKnownFileType = sourcecode.swift; path = AppDelegate.swift; sourceTree = "<group>"; };
		4EE1BAD82AAF56C300AACEDF /* SceneDelegate.swift */ = {isa = PBXFileReference; lastKnownFileType = sourcecode.swift; path = SceneDelegate.swift; sourceTree = "<group>"; };
		4EE1BADA2AAF56C300AACEDF /* MainViewController.swift */ = {isa = PBXFileReference; lastKnownFileType = sourcecode.swift; path = MainViewController.swift; sourceTree = "<group>"; };
		4EE1BADF2AAF56C600AACEDF /* Assets.xcassets */ = {isa = PBXFileReference; lastKnownFileType = folder.assetcatalog; path = Assets.xcassets; sourceTree = "<group>"; };
		4EE1BAE22AAF56C600AACEDF /* Base */ = {isa = PBXFileReference; lastKnownFileType = file.storyboard; name = Base; path = Base.lproj/LaunchScreen.storyboard; sourceTree = "<group>"; };
		4EE1BAE42AAF56C600AACEDF /* Info.plist */ = {isa = PBXFileReference; lastKnownFileType = text.plist.xml; path = Info.plist; sourceTree = "<group>"; };
		4EE1BAE92AAF56C600AACEDF /* ONigiryTests.xctest */ = {isa = PBXFileReference; explicitFileType = wrapper.cfbundle; includeInIndex = 0; path = ONigiryTests.xctest; sourceTree = BUILT_PRODUCTS_DIR; };
		4EE1BAED2AAF56C600AACEDF /* ONigiryTests.swift */ = {isa = PBXFileReference; lastKnownFileType = sourcecode.swift; path = ONigiryTests.swift; sourceTree = "<group>"; };
		4EE1BAF32AAF56C600AACEDF /* ONigiryUITests.xctest */ = {isa = PBXFileReference; explicitFileType = wrapper.cfbundle; includeInIndex = 0; path = ONigiryUITests.xctest; sourceTree = BUILT_PRODUCTS_DIR; };
		4EE1BAF72AAF56C600AACEDF /* ONigiryUITests.swift */ = {isa = PBXFileReference; lastKnownFileType = sourcecode.swift; path = ONigiryUITests.swift; sourceTree = "<group>"; };
		4EE1BAF92AAF56C600AACEDF /* ONigiryUITestsLaunchTests.swift */ = {isa = PBXFileReference; lastKnownFileType = sourcecode.swift; path = ONigiryUITestsLaunchTests.swift; sourceTree = "<group>"; };
		4EE1BB0A2AAF577D00AACEDF /* TabBarController.swift */ = {isa = PBXFileReference; fileEncoding = 4; lastKnownFileType = sourcecode.swift; path = TabBarController.swift; sourceTree = "<group>"; };
		4EE1BB0C2AAF57AD00AACEDF /* SearchViewController.swift */ = {isa = PBXFileReference; lastKnownFileType = sourcecode.swift; path = SearchViewController.swift; sourceTree = "<group>"; };
		4EE1BB0E2AAF57B900AACEDF /* ProfileViewController.swift */ = {isa = PBXFileReference; lastKnownFileType = sourcecode.swift; path = ProfileViewController.swift; sourceTree = "<group>"; };
		580768FC4C7726F8C9AB2064 /* Pods-ONigiry.release.xcconfig */ = {isa = PBXFileReference; includeInIndex = 1; lastKnownFileType = text.xcconfig; name = "Pods-ONigiry.release.xcconfig"; path = "Target Support Files/Pods-ONigiry/Pods-ONigiry.release.xcconfig"; sourceTree = "<group>"; };
		668D61124D43E7EDF952F849 /* Pods-ONigiry-ONigiryUITests.release.xcconfig */ = {isa = PBXFileReference; includeInIndex = 1; lastKnownFileType = text.xcconfig; name = "Pods-ONigiry-ONigiryUITests.release.xcconfig"; path = "Target Support Files/Pods-ONigiry-ONigiryUITests/Pods-ONigiry-ONigiryUITests.release.xcconfig"; sourceTree = "<group>"; };
		7E8BF31783B464D76CE1CDAF /* Pods_ONigiry_ONigiryUITests.framework */ = {isa = PBXFileReference; explicitFileType = wrapper.framework; includeInIndex = 0; path = Pods_ONigiry_ONigiryUITests.framework; sourceTree = BUILT_PRODUCTS_DIR; };
		9C00485516EF115DC3B3BC03 /* Pods-ONigiry-ONigiryUITests.debug.xcconfig */ = {isa = PBXFileReference; includeInIndex = 1; lastKnownFileType = text.xcconfig; name = "Pods-ONigiry-ONigiryUITests.debug.xcconfig"; path = "Target Support Files/Pods-ONigiry-ONigiryUITests/Pods-ONigiry-ONigiryUITests.debug.xcconfig"; sourceTree = "<group>"; };
		9C5F6D22D0EF1F7E0DA3320A /* Pods-ONigiryTests.release.xcconfig */ = {isa = PBXFileReference; includeInIndex = 1; lastKnownFileType = text.xcconfig; name = "Pods-ONigiryTests.release.xcconfig"; path = "Target Support Files/Pods-ONigiryTests/Pods-ONigiryTests.release.xcconfig"; sourceTree = "<group>"; };
		9E34351710F7D79FFECFF903 /* Pods-ONigiry.debug.xcconfig */ = {isa = PBXFileReference; includeInIndex = 1; lastKnownFileType = text.xcconfig; name = "Pods-ONigiry.debug.xcconfig"; path = "Target Support Files/Pods-ONigiry/Pods-ONigiry.debug.xcconfig"; sourceTree = "<group>"; };
		AF324197442EA6FA4FC6A1AD /* Pods_ONigiryTests.framework */ = {isa = PBXFileReference; explicitFileType = wrapper.framework; includeInIndex = 0; path = Pods_ONigiryTests.framework; sourceTree = BUILT_PRODUCTS_DIR; };
		D2E4350DF88CFBBA888FC1CA /* Pods_ONigiry.framework */ = {isa = PBXFileReference; explicitFileType = wrapper.framework; includeInIndex = 0; path = Pods_ONigiry.framework; sourceTree = BUILT_PRODUCTS_DIR; };
/* End PBXFileReference section */

/* Begin PBXFrameworksBuildPhase section */
		4EE1BAD02AAF56C300AACEDF /* Frameworks */ = {
			isa = PBXFrameworksBuildPhase;
			buildActionMask = 2147483647;
			files = (
				2E9999DDAB1300CCA5B1552E /* Pods_ONigiry.framework in Frameworks */,
			);
			runOnlyForDeploymentPostprocessing = 0;
		};
		4EE1BAE62AAF56C600AACEDF /* Frameworks */ = {
			isa = PBXFrameworksBuildPhase;
			buildActionMask = 2147483647;
			files = (
				324A0058AE4824C9785EDB00 /* Pods_ONigiryTests.framework in Frameworks */,
			);
			runOnlyForDeploymentPostprocessing = 0;
		};
		4EE1BAF02AAF56C600AACEDF /* Frameworks */ = {
			isa = PBXFrameworksBuildPhase;
			buildActionMask = 2147483647;
			files = (
				3A981BF5DE03A4BB211BC087 /* Pods_ONigiry_ONigiryUITests.framework in Frameworks */,
			);
			runOnlyForDeploymentPostprocessing = 0;
		};
/* End PBXFrameworksBuildPhase section */

/* Begin PBXGroup section */
		4EE1BACA2AAF56C300AACEDF = {
			isa = PBXGroup;
			children = (
				4EE1BAD52AAF56C300AACEDF /* ONigiry */,
				4EE1BAEC2AAF56C600AACEDF /* ONigiryTests */,
				4EE1BAF62AAF56C600AACEDF /* ONigiryUITests */,
				4EE1BAD42AAF56C300AACEDF /* Products */,
				A75339611C45FE581CCC4C3C /* Pods */,
				5A4E0584C1DC954FB7D1BB00 /* Frameworks */,
			);
			sourceTree = "<group>";
		};
		4EE1BAD42AAF56C300AACEDF /* Products */ = {
			isa = PBXGroup;
			children = (
				4EE1BAD32AAF56C300AACEDF /* ONigiry.app */,
				4EE1BAE92AAF56C600AACEDF /* ONigiryTests.xctest */,
				4EE1BAF32AAF56C600AACEDF /* ONigiryUITests.xctest */,
			);
			name = Products;
			sourceTree = "<group>";
		};
		4EE1BAD52AAF56C300AACEDF /* ONigiry */ = {
			isa = PBXGroup;
			children = (
				4EE1BB092AAF571E00AACEDF /* Resources */,
				4EE1BB072AAF56F800AACEDF /* Models */,
				4EE1BB082AAF56FF00AACEDF /* Views */,
				4EE1BB062AAF56E400AACEDF /* Controllers */,
				4EE1BAE42AAF56C600AACEDF /* Info.plist */,
			);
			path = ONigiry;
			sourceTree = "<group>";
		};
		4EE1BAEC2AAF56C600AACEDF /* ONigiryTests */ = {
			isa = PBXGroup;
			children = (
				4EE1BAED2AAF56C600AACEDF /* ONigiryTests.swift */,
			);
			path = ONigiryTests;
			sourceTree = "<group>";
		};
		4EE1BAF62AAF56C600AACEDF /* ONigiryUITests */ = {
			isa = PBXGroup;
			children = (
				4EE1BAF72AAF56C600AACEDF /* ONigiryUITests.swift */,
				4EE1BAF92AAF56C600AACEDF /* ONigiryUITestsLaunchTests.swift */,
			);
			path = ONigiryUITests;
			sourceTree = "<group>";
		};
		4EE1BB062AAF56E400AACEDF /* Controllers */ = {
			isa = PBXGroup;
			children = (
				4EE1BB0A2AAF577D00AACEDF /* TabBarController.swift */,
				4EE1BADA2AAF56C300AACEDF /* MainViewController.swift */,
				4EE1BB0C2AAF57AD00AACEDF /* SearchViewController.swift */,
				4EE1BB0E2AAF57B900AACEDF /* ProfileViewController.swift */,
			);
			path = Controllers;
			sourceTree = "<group>";
		};
		4EE1BB072AAF56F800AACEDF /* Models */ = {
			isa = PBXGroup;
			children = (
			);
			path = Models;
			sourceTree = "<group>";
		};
		4EE1BB082AAF56FF00AACEDF /* Views */ = {
			isa = PBXGroup;
			children = (
				4EE1BAE12AAF56C600AACEDF /* LaunchScreen.storyboard */,
				4E4D909D2AC0A8BC0028D4D7 /* CustomTableView.swift */,
				4E4D909F2AC0A9DE0028D4D7 /* MainCell.swift */,
			);
			path = Views;
			sourceTree = "<group>";
		};
		4EE1BB092AAF571E00AACEDF /* Resources */ = {
			isa = PBXGroup;
			children = (
				4EE1BAD62AAF56C300AACEDF /* AppDelegate.swift */,
				4EE1BAD82AAF56C300AACEDF /* SceneDelegate.swift */,
				4EE1BADF2AAF56C600AACEDF /* Assets.xcassets */,
			);
			path = Resources;
			sourceTree = "<group>";
		};
		5A4E0584C1DC954FB7D1BB00 /* Frameworks */ = {
			isa = PBXGroup;
			children = (
				D2E4350DF88CFBBA888FC1CA /* Pods_ONigiry.framework */,
				7E8BF31783B464D76CE1CDAF /* Pods_ONigiry_ONigiryUITests.framework */,
				AF324197442EA6FA4FC6A1AD /* Pods_ONigiryTests.framework */,
			);
			name = Frameworks;
			sourceTree = "<group>";
		};
		A75339611C45FE581CCC4C3C /* Pods */ = {
			isa = PBXGroup;
			children = (
				9E34351710F7D79FFECFF903 /* Pods-ONigiry.debug.xcconfig */,
				580768FC4C7726F8C9AB2064 /* Pods-ONigiry.release.xcconfig */,
				9C00485516EF115DC3B3BC03 /* Pods-ONigiry-ONigiryUITests.debug.xcconfig */,
				668D61124D43E7EDF952F849 /* Pods-ONigiry-ONigiryUITests.release.xcconfig */,
				3759ACE42BDF06470D39FDB2 /* Pods-ONigiryTests.debug.xcconfig */,
				9C5F6D22D0EF1F7E0DA3320A /* Pods-ONigiryTests.release.xcconfig */,
			);
			path = Pods;
			sourceTree = "<group>";
		};
/* End PBXGroup section */

/* Begin PBXNativeTarget section */
		4EE1BAD22AAF56C300AACEDF /* ONigiry */ = {
			isa = PBXNativeTarget;
			buildConfigurationList = 4EE1BAFD2AAF56C600AACEDF /* Build configuration list for PBXNativeTarget "ONigiry" */;
			buildPhases = (
				4A07CE7BE6A2DA8D280A57F9 /* [CP] Check Pods Manifest.lock */,
				4EE1BACF2AAF56C300AACEDF /* Sources */,
				4EE1BAD02AAF56C300AACEDF /* Frameworks */,
				4EE1BAD12AAF56C300AACEDF /* Resources */,
				0A0F381798201EDD39E84547 /* [CP] Embed Pods Frameworks */,
			);
			buildRules = (
			);
			dependencies = (
			);
			name = ONigiry;
			productName = ONigiry;
			productReference = 4EE1BAD32AAF56C300AACEDF /* ONigiry.app */;
			productType = "com.apple.product-type.application";
		};
		4EE1BAE82AAF56C600AACEDF /* ONigiryTests */ = {
			isa = PBXNativeTarget;
			buildConfigurationList = 4EE1BB002AAF56C600AACEDF /* Build configuration list for PBXNativeTarget "ONigiryTests" */;
			buildPhases = (
				99F39A2AC003F930C67D2181 /* [CP] Check Pods Manifest.lock */,
				4EE1BAE52AAF56C600AACEDF /* Sources */,
				4EE1BAE62AAF56C600AACEDF /* Frameworks */,
				4EE1BAE72AAF56C600AACEDF /* Resources */,
			);
			buildRules = (
			);
			dependencies = (
				4EE1BAEB2AAF56C600AACEDF /* PBXTargetDependency */,
			);
			name = ONigiryTests;
			productName = ONigiryTests;
			productReference = 4EE1BAE92AAF56C600AACEDF /* ONigiryTests.xctest */;
			productType = "com.apple.product-type.bundle.unit-test";
		};
		4EE1BAF22AAF56C600AACEDF /* ONigiryUITests */ = {
			isa = PBXNativeTarget;
			buildConfigurationList = 4EE1BB032AAF56C600AACEDF /* Build configuration list for PBXNativeTarget "ONigiryUITests" */;
			buildPhases = (
				E8A939DEC4FD5AB1512551EF /* [CP] Check Pods Manifest.lock */,
				4EE1BAEF2AAF56C600AACEDF /* Sources */,
				4EE1BAF02AAF56C600AACEDF /* Frameworks */,
				4EE1BAF12AAF56C600AACEDF /* Resources */,
				B4D679BEE7AA697370E213D5 /* [CP] Embed Pods Frameworks */,
			);
			buildRules = (
			);
			dependencies = (
				4EE1BAF52AAF56C600AACEDF /* PBXTargetDependency */,
			);
			name = ONigiryUITests;
			productName = ONigiryUITests;
			productReference = 4EE1BAF32AAF56C600AACEDF /* ONigiryUITests.xctest */;
			productType = "com.apple.product-type.bundle.ui-testing";
		};
/* End PBXNativeTarget section */

/* Begin PBXProject section */
		4EE1BACB2AAF56C300AACEDF /* Project object */ = {
			isa = PBXProject;
			attributes = {
				BuildIndependentTargetsInParallel = 1;
				LastSwiftUpdateCheck = 1430;
				LastUpgradeCheck = 1430;
				TargetAttributes = {
					4EE1BAD22AAF56C300AACEDF = {
						CreatedOnToolsVersion = 14.3.1;
					};
					4EE1BAE82AAF56C600AACEDF = {
						CreatedOnToolsVersion = 14.3.1;
						TestTargetID = 4EE1BAD22AAF56C300AACEDF;
					};
					4EE1BAF22AAF56C600AACEDF = {
						CreatedOnToolsVersion = 14.3.1;
						TestTargetID = 4EE1BAD22AAF56C300AACEDF;
					};
				};
			};
			buildConfigurationList = 4EE1BACE2AAF56C300AACEDF /* Build configuration list for PBXProject "ONigiry" */;
			compatibilityVersion = "Xcode 13.0";
			developmentRegion = en;
			hasScannedForEncodings = 0;
			knownRegions = (
				en,
				Base,
			);
			mainGroup = 4EE1BACA2AAF56C300AACEDF;
			productRefGroup = 4EE1BAD42AAF56C300AACEDF /* Products */;
			projectDirPath = "";
			projectRoot = "";
			targets = (
				4EE1BAD22AAF56C300AACEDF /* ONigiry */,
				4EE1BAE82AAF56C600AACEDF /* ONigiryTests */,
				4EE1BAF22AAF56C600AACEDF /* ONigiryUITests */,
			);
		};
/* End PBXProject section */

/* Begin PBXResourcesBuildPhase section */
		4EE1BAD12AAF56C300AACEDF /* Resources */ = {
			isa = PBXResourcesBuildPhase;
			buildActionMask = 2147483647;
			files = (
				4EE1BAE32AAF56C600AACEDF /* LaunchScreen.storyboard in Resources */,
				4EE1BAE02AAF56C600AACEDF /* Assets.xcassets in Resources */,
			);
			runOnlyForDeploymentPostprocessing = 0;
		};
		4EE1BAE72AAF56C600AACEDF /* Resources */ = {
			isa = PBXResourcesBuildPhase;
			buildActionMask = 2147483647;
			files = (
			);
			runOnlyForDeploymentPostprocessing = 0;
		};
		4EE1BAF12AAF56C600AACEDF /* Resources */ = {
			isa = PBXResourcesBuildPhase;
			buildActionMask = 2147483647;
			files = (
			);
			runOnlyForDeploymentPostprocessing = 0;
		};
/* End PBXResourcesBuildPhase section */

/* Begin PBXShellScriptBuildPhase section */
		0A0F381798201EDD39E84547 /* [CP] Embed Pods Frameworks */ = {
			isa = PBXShellScriptBuildPhase;
			buildActionMask = 2147483647;
			files = (
			);
			inputFileListPaths = (
				"${PODS_ROOT}/Target Support Files/Pods-ONigiry/Pods-ONigiry-frameworks-${CONFIGURATION}-input-files.xcfilelist",
			);
			name = "[CP] Embed Pods Frameworks";
			outputFileListPaths = (
				"${PODS_ROOT}/Target Support Files/Pods-ONigiry/Pods-ONigiry-frameworks-${CONFIGURATION}-output-files.xcfilelist",
			);
			runOnlyForDeploymentPostprocessing = 0;
			shellPath = /bin/sh;
			shellScript = "\"${PODS_ROOT}/Target Support Files/Pods-ONigiry/Pods-ONigiry-frameworks.sh\"\n";
			showEnvVarsInLog = 0;
		};
		4A07CE7BE6A2DA8D280A57F9 /* [CP] Check Pods Manifest.lock */ = {
			isa = PBXShellScriptBuildPhase;
			buildActionMask = 2147483647;
			files = (
			);
			inputFileListPaths = (
			);
			inputPaths = (
				"${PODS_PODFILE_DIR_PATH}/Podfile.lock",
				"${PODS_ROOT}/Manifest.lock",
			);
			name = "[CP] Check Pods Manifest.lock";
			outputFileListPaths = (
			);
			outputPaths = (
				"$(DERIVED_FILE_DIR)/Pods-ONigiry-checkManifestLockResult.txt",
			);
			runOnlyForDeploymentPostprocessing = 0;
			shellPath = /bin/sh;
			shellScript = "diff \"${PODS_PODFILE_DIR_PATH}/Podfile.lock\" \"${PODS_ROOT}/Manifest.lock\" > /dev/null\nif [ $? != 0 ] ; then\n    # print error to STDERR\n    echo \"error: The sandbox is not in sync with the Podfile.lock. Run 'pod install' or update your CocoaPods installation.\" >&2\n    exit 1\nfi\n# This output is used by Xcode 'outputs' to avoid re-running this script phase.\necho \"SUCCESS\" > \"${SCRIPT_OUTPUT_FILE_0}\"\n";
			showEnvVarsInLog = 0;
		};
		99F39A2AC003F930C67D2181 /* [CP] Check Pods Manifest.lock */ = {
			isa = PBXShellScriptBuildPhase;
			buildActionMask = 2147483647;
			files = (
			);
			inputFileListPaths = (
			);
			inputPaths = (
				"${PODS_PODFILE_DIR_PATH}/Podfile.lock",
				"${PODS_ROOT}/Manifest.lock",
			);
			name = "[CP] Check Pods Manifest.lock";
			outputFileListPaths = (
			);
			outputPaths = (
				"$(DERIVED_FILE_DIR)/Pods-ONigiryTests-checkManifestLockResult.txt",
			);
			runOnlyForDeploymentPostprocessing = 0;
			shellPath = /bin/sh;
			shellScript = "diff \"${PODS_PODFILE_DIR_PATH}/Podfile.lock\" \"${PODS_ROOT}/Manifest.lock\" > /dev/null\nif [ $? != 0 ] ; then\n    # print error to STDERR\n    echo \"error: The sandbox is not in sync with the Podfile.lock. Run 'pod install' or update your CocoaPods installation.\" >&2\n    exit 1\nfi\n# This output is used by Xcode 'outputs' to avoid re-running this script phase.\necho \"SUCCESS\" > \"${SCRIPT_OUTPUT_FILE_0}\"\n";
			showEnvVarsInLog = 0;
		};
		B4D679BEE7AA697370E213D5 /* [CP] Embed Pods Frameworks */ = {
			isa = PBXShellScriptBuildPhase;
			buildActionMask = 2147483647;
			files = (
			);
			inputFileListPaths = (
				"${PODS_ROOT}/Target Support Files/Pods-ONigiry-ONigiryUITests/Pods-ONigiry-ONigiryUITests-frameworks-${CONFIGURATION}-input-files.xcfilelist",
			);
			name = "[CP] Embed Pods Frameworks";
			outputFileListPaths = (
				"${PODS_ROOT}/Target Support Files/Pods-ONigiry-ONigiryUITests/Pods-ONigiry-ONigiryUITests-frameworks-${CONFIGURATION}-output-files.xcfilelist",
			);
			runOnlyForDeploymentPostprocessing = 0;
			shellPath = /bin/sh;
			shellScript = "\"${PODS_ROOT}/Target Support Files/Pods-ONigiry-ONigiryUITests/Pods-ONigiry-ONigiryUITests-frameworks.sh\"\n";
			showEnvVarsInLog = 0;
		};
		E8A939DEC4FD5AB1512551EF /* [CP] Check Pods Manifest.lock */ = {
			isa = PBXShellScriptBuildPhase;
			buildActionMask = 2147483647;
			files = (
			);
			inputFileListPaths = (
			);
			inputPaths = (
				"${PODS_PODFILE_DIR_PATH}/Podfile.lock",
				"${PODS_ROOT}/Manifest.lock",
			);
			name = "[CP] Check Pods Manifest.lock";
			outputFileListPaths = (
			);
			outputPaths = (
				"$(DERIVED_FILE_DIR)/Pods-ONigiry-ONigiryUITests-checkManifestLockResult.txt",
			);
			runOnlyForDeploymentPostprocessing = 0;
			shellPath = /bin/sh;
			shellScript = "diff \"${PODS_PODFILE_DIR_PATH}/Podfile.lock\" \"${PODS_ROOT}/Manifest.lock\" > /dev/null\nif [ $? != 0 ] ; then\n    # print error to STDERR\n    echo \"error: The sandbox is not in sync with the Podfile.lock. Run 'pod install' or update your CocoaPods installation.\" >&2\n    exit 1\nfi\n# This output is used by Xcode 'outputs' to avoid re-running this script phase.\necho \"SUCCESS\" > \"${SCRIPT_OUTPUT_FILE_0}\"\n";
			showEnvVarsInLog = 0;
		};
/* End PBXShellScriptBuildPhase section */

/* Begin PBXSourcesBuildPhase section */
		4EE1BACF2AAF56C300AACEDF /* Sources */ = {
			isa = PBXSourcesBuildPhase;
			buildActionMask = 2147483647;
			files = (
				4EE1BB0F2AAF57B900AACEDF /* ProfileViewController.swift in Sources */,
				4EE1BB0D2AAF57AD00AACEDF /* SearchViewController.swift in Sources */,
				4EE1BADB2AAF56C300AACEDF /* MainViewController.swift in Sources */,
				4EE1BB0B2AAF577D00AACEDF /* TabBarController.swift in Sources */,
				4EE1BAD72AAF56C300AACEDF /* AppDelegate.swift in Sources */,
				4EE1BAD92AAF56C300AACEDF /* SceneDelegate.swift in Sources */,
				4E4D90A02AC0A9DE0028D4D7 /* MainCell.swift in Sources */,
				4E4D909E2AC0A8BC0028D4D7 /* CustomTableView.swift in Sources */,
			);
			runOnlyForDeploymentPostprocessing = 0;
		};
		4EE1BAE52AAF56C600AACEDF /* Sources */ = {
			isa = PBXSourcesBuildPhase;
			buildActionMask = 2147483647;
			files = (
				4EE1BAEE2AAF56C600AACEDF /* ONigiryTests.swift in Sources */,
			);
			runOnlyForDeploymentPostprocessing = 0;
		};
		4EE1BAEF2AAF56C600AACEDF /* Sources */ = {
			isa = PBXSourcesBuildPhase;
			buildActionMask = 2147483647;
			files = (
				4EE1BAFA2AAF56C600AACEDF /* ONigiryUITestsLaunchTests.swift in Sources */,
				4EE1BAF82AAF56C600AACEDF /* ONigiryUITests.swift in Sources */,
			);
			runOnlyForDeploymentPostprocessing = 0;
		};
/* End PBXSourcesBuildPhase section */

/* Begin PBXTargetDependency section */
		4EE1BAEB2AAF56C600AACEDF /* PBXTargetDependency */ = {
			isa = PBXTargetDependency;
			target = 4EE1BAD22AAF56C300AACEDF /* ONigiry */;
			targetProxy = 4EE1BAEA2AAF56C600AACEDF /* PBXContainerItemProxy */;
		};
		4EE1BAF52AAF56C600AACEDF /* PBXTargetDependency */ = {
			isa = PBXTargetDependency;
			target = 4EE1BAD22AAF56C300AACEDF /* ONigiry */;
			targetProxy = 4EE1BAF42AAF56C600AACEDF /* PBXContainerItemProxy */;
		};
/* End PBXTargetDependency section */

/* Begin PBXVariantGroup section */
		4EE1BAE12AAF56C600AACEDF /* LaunchScreen.storyboard */ = {
			isa = PBXVariantGroup;
			children = (
				4EE1BAE22AAF56C600AACEDF /* Base */,
			);
			name = LaunchScreen.storyboard;
			sourceTree = "<group>";
		};
/* End PBXVariantGroup section */

/* Begin XCBuildConfiguration section */
		4EE1BAFB2AAF56C600AACEDF /* Debug */ = {
			isa = XCBuildConfiguration;
			buildSettings = {
				ALWAYS_SEARCH_USER_PATHS = NO;
				CLANG_ANALYZER_NONNULL = YES;
				CLANG_ANALYZER_NUMBER_OBJECT_CONVERSION = YES_AGGRESSIVE;
				CLANG_CXX_LANGUAGE_STANDARD = "gnu++20";
				CLANG_ENABLE_MODULES = YES;
				CLANG_ENABLE_OBJC_ARC = YES;
				CLANG_ENABLE_OBJC_WEAK = YES;
				CLANG_WARN_BLOCK_CAPTURE_AUTORELEASING = YES;
				CLANG_WARN_BOOL_CONVERSION = YES;
				CLANG_WARN_COMMA = YES;
				CLANG_WARN_CONSTANT_CONVERSION = YES;
				CLANG_WARN_DEPRECATED_OBJC_IMPLEMENTATIONS = YES;
				CLANG_WARN_DIRECT_OBJC_ISA_USAGE = YES_ERROR;
				CLANG_WARN_DOCUMENTATION_COMMENTS = YES;
				CLANG_WARN_EMPTY_BODY = YES;
				CLANG_WARN_ENUM_CONVERSION = YES;
				CLANG_WARN_INFINITE_RECURSION = YES;
				CLANG_WARN_INT_CONVERSION = YES;
				CLANG_WARN_NON_LITERAL_NULL_CONVERSION = YES;
				CLANG_WARN_OBJC_IMPLICIT_RETAIN_SELF = YES;
				CLANG_WARN_OBJC_LITERAL_CONVERSION = YES;
				CLANG_WARN_OBJC_ROOT_CLASS = YES_ERROR;
				CLANG_WARN_QUOTED_INCLUDE_IN_FRAMEWORK_HEADER = YES;
				CLANG_WARN_RANGE_LOOP_ANALYSIS = YES;
				CLANG_WARN_STRICT_PROTOTYPES = YES;
				CLANG_WARN_SUSPICIOUS_MOVE = YES;
				CLANG_WARN_UNGUARDED_AVAILABILITY = YES_AGGRESSIVE;
				CLANG_WARN_UNREACHABLE_CODE = YES;
				CLANG_WARN__DUPLICATE_METHOD_MATCH = YES;
				COPY_PHASE_STRIP = NO;
				DEBUG_INFORMATION_FORMAT = dwarf;
				ENABLE_STRICT_OBJC_MSGSEND = YES;
				ENABLE_TESTABILITY = YES;
				GCC_C_LANGUAGE_STANDARD = gnu11;
				GCC_DYNAMIC_NO_PIC = NO;
				GCC_NO_COMMON_BLOCKS = YES;
				GCC_OPTIMIZATION_LEVEL = 0;
				GCC_PREPROCESSOR_DEFINITIONS = (
					"DEBUG=1",
					"$(inherited)",
				);
				GCC_WARN_64_TO_32_BIT_CONVERSION = YES;
				GCC_WARN_ABOUT_RETURN_TYPE = YES_ERROR;
				GCC_WARN_UNDECLARED_SELECTOR = YES;
				GCC_WARN_UNINITIALIZED_AUTOS = YES_AGGRESSIVE;
				GCC_WARN_UNUSED_FUNCTION = YES;
				GCC_WARN_UNUSED_VARIABLE = YES;
				IPHONEOS_DEPLOYMENT_TARGET = 14.0;
				MTL_ENABLE_DEBUG_INFO = INCLUDE_SOURCE;
				MTL_FAST_MATH = YES;
				ONLY_ACTIVE_ARCH = YES;
				SDKROOT = iphoneos;
				SWIFT_ACTIVE_COMPILATION_CONDITIONS = DEBUG;
				SWIFT_OPTIMIZATION_LEVEL = "-Onone";
			};
			name = Debug;
		};
		4EE1BAFC2AAF56C600AACEDF /* Release */ = {
			isa = XCBuildConfiguration;
			buildSettings = {
				ALWAYS_SEARCH_USER_PATHS = NO;
				CLANG_ANALYZER_NONNULL = YES;
				CLANG_ANALYZER_NUMBER_OBJECT_CONVERSION = YES_AGGRESSIVE;
				CLANG_CXX_LANGUAGE_STANDARD = "gnu++20";
				CLANG_ENABLE_MODULES = YES;
				CLANG_ENABLE_OBJC_ARC = YES;
				CLANG_ENABLE_OBJC_WEAK = YES;
				CLANG_WARN_BLOCK_CAPTURE_AUTORELEASING = YES;
				CLANG_WARN_BOOL_CONVERSION = YES;
				CLANG_WARN_COMMA = YES;
				CLANG_WARN_CONSTANT_CONVERSION = YES;
				CLANG_WARN_DEPRECATED_OBJC_IMPLEMENTATIONS = YES;
				CLANG_WARN_DIRECT_OBJC_ISA_USAGE = YES_ERROR;
				CLANG_WARN_DOCUMENTATION_COMMENTS = YES;
				CLANG_WARN_EMPTY_BODY = YES;
				CLANG_WARN_ENUM_CONVERSION = YES;
				CLANG_WARN_INFINITE_RECURSION = YES;
				CLANG_WARN_INT_CONVERSION = YES;
				CLANG_WARN_NON_LITERAL_NULL_CONVERSION = YES;
				CLANG_WARN_OBJC_IMPLICIT_RETAIN_SELF = YES;
				CLANG_WARN_OBJC_LITERAL_CONVERSION = YES;
				CLANG_WARN_OBJC_ROOT_CLASS = YES_ERROR;
				CLANG_WARN_QUOTED_INCLUDE_IN_FRAMEWORK_HEADER = YES;
				CLANG_WARN_RANGE_LOOP_ANALYSIS = YES;
				CLANG_WARN_STRICT_PROTOTYPES = YES;
				CLANG_WARN_SUSPICIOUS_MOVE = YES;
				CLANG_WARN_UNGUARDED_AVAILABILITY = YES_AGGRESSIVE;
				CLANG_WARN_UNREACHABLE_CODE = YES;
				CLANG_WARN__DUPLICATE_METHOD_MATCH = YES;
				COPY_PHASE_STRIP = NO;
				DEBUG_INFORMATION_FORMAT = "dwarf-with-dsym";
				ENABLE_NS_ASSERTIONS = NO;
				ENABLE_STRICT_OBJC_MSGSEND = YES;
				GCC_C_LANGUAGE_STANDARD = gnu11;
				GCC_NO_COMMON_BLOCKS = YES;
				GCC_WARN_64_TO_32_BIT_CONVERSION = YES;
				GCC_WARN_ABOUT_RETURN_TYPE = YES_ERROR;
				GCC_WARN_UNDECLARED_SELECTOR = YES;
				GCC_WARN_UNINITIALIZED_AUTOS = YES_AGGRESSIVE;
				GCC_WARN_UNUSED_FUNCTION = YES;
				GCC_WARN_UNUSED_VARIABLE = YES;
				IPHONEOS_DEPLOYMENT_TARGET = 14.0;
				MTL_ENABLE_DEBUG_INFO = NO;
				MTL_FAST_MATH = YES;
				SDKROOT = iphoneos;
				SWIFT_COMPILATION_MODE = wholemodule;
				SWIFT_OPTIMIZATION_LEVEL = "-O";
				VALIDATE_PRODUCT = YES;
			};
			name = Release;
		};
		4EE1BAFE2AAF56C600AACEDF /* Debug */ = {
			isa = XCBuildConfiguration;
			baseConfigurationReference = 9E34351710F7D79FFECFF903 /* Pods-ONigiry.debug.xcconfig */;
			buildSettings = {
				ASSETCATALOG_COMPILER_APPICON_NAME = AppIcon;
				ASSETCATALOG_COMPILER_GLOBAL_ACCENT_COLOR_NAME = AccentColor;
				CODE_SIGN_STYLE = Automatic;
				CURRENT_PROJECT_VERSION = 1;
				DEVELOPMENT_TEAM = 4MN45GZSDT;
				GENERATE_INFOPLIST_FILE = YES;
				INFOPLIST_FILE = ONigiry/Info.plist;
				INFOPLIST_KEY_UIApplicationSupportsIndirectInputEvents = YES;
				INFOPLIST_KEY_UILaunchStoryboardName = LaunchScreen;
				INFOPLIST_KEY_UISupportedInterfaceOrientations_iPad = "UIInterfaceOrientationPortrait UIInterfaceOrientationPortraitUpsideDown UIInterfaceOrientationLandscapeLeft UIInterfaceOrientationLandscapeRight";
				INFOPLIST_KEY_UISupportedInterfaceOrientations_iPhone = "UIInterfaceOrientationPortrait UIInterfaceOrientationLandscapeLeft UIInterfaceOrientationLandscapeRight";
				LD_RUNPATH_SEARCH_PATHS = (
					"$(inherited)",
					"@executable_path/Frameworks",
				);
				MARKETING_VERSION = 1.0;
				PRODUCT_BUNDLE_IDENTIFIER = com.Junwoo.Momo8282.ONigiry;
				PRODUCT_NAME = "$(TARGET_NAME)";
				SWIFT_EMIT_LOC_STRINGS = YES;
				SWIFT_VERSION = 5.0;
				TARGETED_DEVICE_FAMILY = "1,2";
			};
			name = Debug;
		};
		4EE1BAFF2AAF56C600AACEDF /* Release */ = {
			isa = XCBuildConfiguration;
			baseConfigurationReference = 580768FC4C7726F8C9AB2064 /* Pods-ONigiry.release.xcconfig */;
			buildSettings = {
				ASSETCATALOG_COMPILER_APPICON_NAME = AppIcon;
				ASSETCATALOG_COMPILER_GLOBAL_ACCENT_COLOR_NAME = AccentColor;
				CODE_SIGN_STYLE = Automatic;
				CURRENT_PROJECT_VERSION = 1;
				DEVELOPMENT_TEAM = 4MN45GZSDT;
				GENERATE_INFOPLIST_FILE = YES;
				INFOPLIST_FILE = ONigiry/Info.plist;
				INFOPLIST_KEY_UIApplicationSupportsIndirectInputEvents = YES;
				INFOPLIST_KEY_UILaunchStoryboardName = LaunchScreen;
				INFOPLIST_KEY_UISupportedInterfaceOrientations_iPad = "UIInterfaceOrientationPortrait UIInterfaceOrientationPortraitUpsideDown UIInterfaceOrientationLandscapeLeft UIInterfaceOrientationLandscapeRight";
				INFOPLIST_KEY_UISupportedInterfaceOrientations_iPhone = "UIInterfaceOrientationPortrait UIInterfaceOrientationLandscapeLeft UIInterfaceOrientationLandscapeRight";
				LD_RUNPATH_SEARCH_PATHS = (
					"$(inherited)",
					"@executable_path/Frameworks",
				);
				MARKETING_VERSION = 1.0;
				PRODUCT_BUNDLE_IDENTIFIER = com.Junwoo.Momo8282.ONigiry;
				PRODUCT_NAME = "$(TARGET_NAME)";
				SWIFT_EMIT_LOC_STRINGS = YES;
				SWIFT_VERSION = 5.0;
				TARGETED_DEVICE_FAMILY = "1,2";
			};
			name = Release;
		};
		4EE1BB012AAF56C600AACEDF /* Debug */ = {
			isa = XCBuildConfiguration;
			baseConfigurationReference = 3759ACE42BDF06470D39FDB2 /* Pods-ONigiryTests.debug.xcconfig */;
			buildSettings = {
				ALWAYS_EMBED_SWIFT_STANDARD_LIBRARIES = YES;
				BUNDLE_LOADER = "$(TEST_HOST)";
				CODE_SIGN_STYLE = Automatic;
				CURRENT_PROJECT_VERSION = 1;
				DEVELOPMENT_TEAM = 4MN45GZSDT;
				GENERATE_INFOPLIST_FILE = YES;
				IPHONEOS_DEPLOYMENT_TARGET = 16.4;
				MARKETING_VERSION = 1.0;
				PRODUCT_BUNDLE_IDENTIFIER = com.Junwoo.Momo8282.ONigiryTests;
				PRODUCT_NAME = "$(TARGET_NAME)";
				SWIFT_EMIT_LOC_STRINGS = NO;
				SWIFT_VERSION = 5.0;
				TARGETED_DEVICE_FAMILY = "1,2";
				TEST_HOST = "$(BUILT_PRODUCTS_DIR)/ONigiry.app/$(BUNDLE_EXECUTABLE_FOLDER_PATH)/ONigiry";
			};
			name = Debug;
		};
		4EE1BB022AAF56C600AACEDF /* Release */ = {
			isa = XCBuildConfiguration;
			baseConfigurationReference = 9C5F6D22D0EF1F7E0DA3320A /* Pods-ONigiryTests.release.xcconfig */;
			buildSettings = {
				ALWAYS_EMBED_SWIFT_STANDARD_LIBRARIES = YES;
				BUNDLE_LOADER = "$(TEST_HOST)";
				CODE_SIGN_STYLE = Automatic;
				CURRENT_PROJECT_VERSION = 1;
				DEVELOPMENT_TEAM = 4MN45GZSDT;
				GENERATE_INFOPLIST_FILE = YES;
				IPHONEOS_DEPLOYMENT_TARGET = 16.4;
				MARKETING_VERSION = 1.0;
				PRODUCT_BUNDLE_IDENTIFIER = com.Junwoo.Momo8282.ONigiryTests;
				PRODUCT_NAME = "$(TARGET_NAME)";
				SWIFT_EMIT_LOC_STRINGS = NO;
				SWIFT_VERSION = 5.0;
				TARGETED_DEVICE_FAMILY = "1,2";
				TEST_HOST = "$(BUILT_PRODUCTS_DIR)/ONigiry.app/$(BUNDLE_EXECUTABLE_FOLDER_PATH)/ONigiry";
			};
			name = Release;
		};
		4EE1BB042AAF56C600AACEDF /* Debug */ = {
			isa = XCBuildConfiguration;
			baseConfigurationReference = 9C00485516EF115DC3B3BC03 /* Pods-ONigiry-ONigiryUITests.debug.xcconfig */;
			buildSettings = {
				ALWAYS_EMBED_SWIFT_STANDARD_LIBRARIES = YES;
				CODE_SIGN_STYLE = Automatic;
				CURRENT_PROJECT_VERSION = 1;
				DEVELOPMENT_TEAM = 4MN45GZSDT;
				GENERATE_INFOPLIST_FILE = YES;
				MARKETING_VERSION = 1.0;
				PRODUCT_BUNDLE_IDENTIFIER = com.Junwoo.Momo8282.ONigiryUITests;
				PRODUCT_NAME = "$(TARGET_NAME)";
				SWIFT_EMIT_LOC_STRINGS = NO;
				SWIFT_VERSION = 5.0;
				TARGETED_DEVICE_FAMILY = "1,2";
				TEST_TARGET_NAME = ONigiry;
			};
			name = Debug;
		};
		4EE1BB052AAF56C600AACEDF /* Release */ = {
			isa = XCBuildConfiguration;
			baseConfigurationReference = 668D61124D43E7EDF952F849 /* Pods-ONigiry-ONigiryUITests.release.xcconfig */;
			buildSettings = {
				ALWAYS_EMBED_SWIFT_STANDARD_LIBRARIES = YES;
				CODE_SIGN_STYLE = Automatic;
				CURRENT_PROJECT_VERSION = 1;
				DEVELOPMENT_TEAM = 4MN45GZSDT;
				GENERATE_INFOPLIST_FILE = YES;
				MARKETING_VERSION = 1.0;
				PRODUCT_BUNDLE_IDENTIFIER = com.Junwoo.Momo8282.ONigiryUITests;
				PRODUCT_NAME = "$(TARGET_NAME)";
				SWIFT_EMIT_LOC_STRINGS = NO;
				SWIFT_VERSION = 5.0;
				TARGETED_DEVICE_FAMILY = "1,2";
				TEST_TARGET_NAME = ONigiry;
			};
			name = Release;
		};
/* End XCBuildConfiguration section */

/* Begin XCConfigurationList section */
		4EE1BACE2AAF56C300AACEDF /* Build configuration list for PBXProject "ONigiry" */ = {
			isa = XCConfigurationList;
			buildConfigurations = (
				4EE1BAFB2AAF56C600AACEDF /* Debug */,
				4EE1BAFC2AAF56C600AACEDF /* Release */,
			);
			defaultConfigurationIsVisible = 0;
			defaultConfigurationName = Release;
		};
		4EE1BAFD2AAF56C600AACEDF /* Build configuration list for PBXNativeTarget "ONigiry" */ = {
			isa = XCConfigurationList;
			buildConfigurations = (
				4EE1BAFE2AAF56C600AACEDF /* Debug */,
				4EE1BAFF2AAF56C600AACEDF /* Release */,
			);
			defaultConfigurationIsVisible = 0;
			defaultConfigurationName = Release;
		};
		4EE1BB002AAF56C600AACEDF /* Build configuration list for PBXNativeTarget "ONigiryTests" */ = {
			isa = XCConfigurationList;
			buildConfigurations = (
				4EE1BB012AAF56C600AACEDF /* Debug */,
				4EE1BB022AAF56C600AACEDF /* Release */,
			);
			defaultConfigurationIsVisible = 0;
			defaultConfigurationName = Release;
		};
		4EE1BB032AAF56C600AACEDF /* Build configuration list for PBXNativeTarget "ONigiryUITests" */ = {
			isa = XCConfigurationList;
			buildConfigurations = (
				4EE1BB042AAF56C600AACEDF /* Debug */,
				4EE1BB052AAF56C600AACEDF /* Release */,
			);
			defaultConfigurationIsVisible = 0;
			defaultConfigurationName = Release;
		};
/* End XCConfigurationList section */
	};
	rootObject = 4EE1BACB2AAF56C300AACEDF /* Project object */;
}
